Microsoft Visual Studio Solution File, Format Version 12.00
# Visual Studio Version 17
VisualStudioVersion = 17.5.2.0
MinimumVisualStudioVersion = 10.0.40219.1
Project("{FAE04EC0-301F-11D3-BF4B-00C04F79EFBC}") = "geomasterapi-cp4-dotnet", "geomasterapi-cp4-dotnet.csproj", "{6982AE9E-C200-3368-CB0B-4A952F969CE8}"
EndProject
Global
	GlobalSection(SolutionConfigurationPlatforms) = preSolution
		Debug|Any CPU = Debug|Any CPU
		Release|Any CPU = Release|Any CPU
	EndGlobalSection
	GlobalSection(ProjectConfigurationPlatforms) = postSolution
		{6982AE9E-C200-3368-CB0B-4A952F969CE8}.Debug|Any CPU.ActiveCfg = Debug|Any CPU
		{6982AE9E-C200-3368-CB0B-4A952F969CE8}.Debug|Any CPU.Build.0 = Debug|Any CPU
		{6982AE9E-C200-3368-CB0B-4A952F969CE8}.Release|Any CPU.ActiveCfg = Release|Any CPU
		{6982AE9E-C200-3368-CB0B-4A952F969CE8}.Release|Any CPU.Build.0 = Release|Any CPU
	EndGlobalSection
	GlobalSection(SolutionProperties) = preSolution
		HideSolutionNode = FALSE
	EndGlobalSection
	GlobalSection(ExtensibilityGlobals) = postSolution
		SolutionGuid = {F4F72453-8B51-49FF-9C07-4B2A66F78989}
	EndGlobalSection
EndGlobal
